
Microsoft Visual Studio Solution File, Format Version 12.00
# Visual Studio Version 16
VisualStudioVersion = 16.0.30114.105
MinimumVisualStudioVersion = 10.0.40219.1
Project("{FAE04EC0-301F-11D3-BF4B-00C04F79EFBC}") = "Domain", "Domain\Domain.csproj", "{44953701-AC7C-4CE9-AD52-CC7AE56C7AD5}"
EndProject
Project("{FAE04EC0-301F-11D3-BF4B-00C04F79EFBC}") = "Data", "Data\Data.csproj", "{FF50FFB4-20FC-4811-BFF5-953D6735FCFC}"
EndProject
Project("{FAE04EC0-301F-11D3-BF4B-00C04F79EFBC}") = "Business", "Business\Business.csproj", "{3AAD0479-EAB3-43A9-B79E-11C797BFFADA}"
EndProject
Project("{FAE04EC0-301F-11D3-BF4B-00C04F79EFBC}") = "API", "API\API.csproj", "{1BCD3403-4ABE-480A-9AE2-45724CAB67E8}"
EndProject
Global
	GlobalSection(SolutionConfigurationPlatforms) = preSolution
		Debug|Any CPU = Debug|Any CPU
		Release|Any CPU = Release|Any CPU
	EndGlobalSection
	GlobalSection(SolutionProperties) = preSolution
		HideSolutionNode = FALSE
	EndGlobalSection
	GlobalSection(ProjectConfigurationPlatforms) = postSolution
		{44953701-AC7C-4CE9-AD52-CC7AE56C7AD5}.Debug|Any CPU.ActiveCfg = Debug|Any CPU
		{44953701-AC7C-4CE9-AD52-CC7AE56C7AD5}.Debug|Any CPU.Build.0 = Debug|Any CPU
		{44953701-AC7C-4CE9-AD52-CC7AE56C7AD5}.Release|Any CPU.ActiveCfg = Release|Any CPU
		{44953701-AC7C-4CE9-AD52-CC7AE56C7AD5}.Release|Any CPU.Build.0 = Release|Any CPU
		{FF50FFB4-20FC-4811-BFF5-953D6735FCFC}.Debug|Any CPU.ActiveCfg = Debug|Any CPU
		{FF50FFB4-20FC-4811-BFF5-953D6735FCFC}.Debug|Any CPU.Build.0 = Debug|Any CPU
		{FF50FFB4-20FC-4811-BFF5-953D6735FCFC}.Release|Any CPU.ActiveCfg = Release|Any CPU
		{FF50FFB4-20FC-4811-BFF5-953D6735FCFC}.Release|Any CPU.Build.0 = Release|Any CPU
		{3AAD0479-EAB3-43A9-B79E-11C797BFFADA}.Debug|Any CPU.ActiveCfg = Debug|Any CPU
		{3AAD0479-EAB3-43A9-B79E-11C797BFFADA}.Debug|Any CPU.Build.0 = Debug|Any CPU
		{3AAD0479-EAB3-43A9-B79E-11C797BFFADA}.Release|Any CPU.ActiveCfg = Release|Any CPU
		{3AAD0479-EAB3-43A9-B79E-11C797BFFADA}.Release|Any CPU.Build.0 = Release|Any CPU
		{1BCD3403-4ABE-480A-9AE2-45724CAB67E8}.Debug|Any CPU.ActiveCfg = Debug|Any CPU
		{1BCD3403-4ABE-480A-9AE2-45724CAB67E8}.Debug|Any CPU.Build.0 = Debug|Any CPU
		{1BCD3403-4ABE-480A-9AE2-45724CAB67E8}.Release|Any CPU.ActiveCfg = Release|Any CPU
		{1BCD3403-4ABE-480A-9AE2-45724CAB67E8}.Release|Any CPU.Build.0 = Release|Any CPU
	EndGlobalSection
EndGlobal
